
Microsoft Visual Studio Solution File, Format Version 12.00
# Visual Studio Version 16
VisualStudioVersion = 16.0.32602.291
MinimumVisualStudioVersion = 10.0.40219.1
Project("{FAE04EC0-301F-11D3-BF4B-00C04F79EFBC}") = "math2", "math2\math2.csproj", "{6CB8AC0B-5F17-4D63-BE94-D86754804C98}"
EndProject
Project("{FAE04EC0-301F-11D3-BF4B-00C04F79EFBC}") = "mathdll", "mathdll\mathdll.csproj", "{D72E317C-246D-41E3-BC4A-D14978918011}"
EndProject
Global
	GlobalSection(SolutionConfigurationPlatforms) = preSolution
		Debug|Any CPU = Debug|Any CPU
		Release|Any CPU = Release|Any CPU
	EndGlobalSection
	GlobalSection(ProjectConfigurationPlatforms) = postSolution
		{6CB8AC0B-5F17-4D63-BE94-D86754804C98}.Debug|Any CPU.ActiveCfg = Debug|Any CPU
		{6CB8AC0B-5F17-4D63-BE94-D86754804C98}.Debug|Any CPU.Build.0 = Debug|Any CPU
		{6CB8AC0B-5F17-4D63-BE94-D86754804C98}.Release|Any CPU.ActiveCfg = Release|Any CPU
		{6CB8AC0B-5F17-4D63-BE94-D86754804C98}.Release|Any CPU.Build.0 = Release|Any CPU
		{D72E317C-246D-41E3-BC4A-D14978918011}.Debug|Any CPU.ActiveCfg = Debug|Any CPU
		{D72E317C-246D-41E3-BC4A-D14978918011}.Debug|Any CPU.Build.0 = Debug|Any CPU
		{D72E317C-246D-41E3-BC4A-D14978918011}.Release|Any CPU.ActiveCfg = Release|Any CPU
		{D72E317C-246D-41E3-BC4A-D14978918011}.Release|Any CPU.Build.0 = Release|Any CPU
	EndGlobalSection
	GlobalSection(SolutionProperties) = preSolution
		HideSolutionNode = FALSE
	EndGlobalSection
	GlobalSection(ExtensibilityGlobals) = postSolution
		SolutionGuid = {349CDBC2-B895-4DB8-A6C2-E5AADE75CA49}
	EndGlobalSection
EndGlobal
